
Microsoft Visual Studio Solution File, Format Version 12.00
# Visual Studio Version 16
VisualStudioVersion = 16.0.29409.12
MinimumVisualStudioVersion = 10.0.40219.1
Project("{FAE04EC0-301F-11D3-BF4B-00C04F79EFBC}") = "GeneticAlgorithm", "GeneticAlgorithm\GeneticAlgorithm.csproj", "{24DFA079-8C85-4A75-B43C-BF4334710C29}"
EndProject
Global
	GlobalSection(SolutionConfigurationPlatforms) = preSolution
		Debug|Any CPU = Debug|Any CPU
		Release|Any CPU = Release|Any CPU
	EndGlobalSection
	GlobalSection(ProjectConfigurationPlatforms) = postSolution
		{24DFA079-8C85-4A75-B43C-BF4334710C29}.Debug|Any CPU.ActiveCfg = Debug|Any CPU
		{24DFA079-8C85-4A75-B43C-BF4334710C29}.Debug|Any CPU.Build.0 = Debug|Any CPU
		{24DFA079-8C85-4A75-B43C-BF4334710C29}.Release|Any CPU.ActiveCfg = Release|Any CPU
		{24DFA079-8C85-4A75-B43C-BF4334710C29}.Release|Any CPU.Build.0 = Release|Any CPU
	EndGlobalSection
	GlobalSection(SolutionProperties) = preSolution
		HideSolutionNode = FALSE
	EndGlobalSection
	GlobalSection(ExtensibilityGlobals) = postSolution
		SolutionGuid = {E7975EFC-BF17-4C95-A88E-8C3C5E711B3A}
	EndGlobalSection
EndGlobal
